{
  "name": "sonify",
  "version": "0.3.2",
  "lockfileVersion": 3,
  "requires": true,
  "packages": {
    "": {
      "name": "sonify",
      "version": "0.3.2",
      "license": "ISC",
      "dependencies": {
        "showdown": "^2.1.0",
        "vue": "^2.7.15"
      }
    },
    "node_modules/@babel/parser": {
      "version": "7.23.0",
      "resolved": "https://registry.npmjs.org/@babel/parser/-/parser-7.23.0.tgz",
      "integrity": "sha512-vvPKKdMemU85V9WE/l5wZEmImpCtLqbnTvqDS2U1fJ96KrxoW7KrXhNsNCblQlg8Ck4b85yxdTyelsMUgFUXiw==",
      "bin": {
        "parser": "bin/babel-parser.js"
      },
      "engines": {
        "node": ">=6.0.0"
      }
    },
    "node_modules/@vue/compiler-sfc": {
      "version": "2.7.15",
      "resolved": "https://registry.npmjs.org/@vue/compiler-sfc/-/compiler-sfc-2.7.15.tgz",
      "integrity": "sha512-FCvIEevPmgCgqFBH7wD+3B97y7u7oj/Wr69zADBf403Tui377bThTjBvekaZvlRr4IwUAu3M6hYZeULZFJbdYg==",
      "dependencies": {
        "@babel/parser": "^7.18.4",
        "postcss": "^8.4.14",
        "source-map": "^0.6.1"
      }
    },
    "node_modules/commander": {
      "version": "9.5.0",
      "resolved": "https://registry.npmjs.org/commander/-/commander-9.5.0.tgz",
      "integrity": "sha512-KRs7WVDKg86PWiuAqhDrAQnTXZKraVcCc6vFdL14qrZ/DcWwuRo7VoiYXalXO7S5GKpqYiVEwCbgFDfxNHKJBQ==",
      "engines": {
        "node": "^12.20.0 || >=14"
      }
    },
    "node_modules/csstype": {
      "version": "3.1.2",
      "resolved": "https://registry.npmjs.org/csstype/-/csstype-3.1.2.tgz",
      "integrity": "sha512-I7K1Uu0MBPzaFKg4nI5Q7Vs2t+3gWWW648spaF+Rg7pI9ds18Ugn+lvg4SHczUdKlHI5LWBXyqfS8+DufyBsgQ=="
    },
    "node_modules/nanoid": {
      "version": "3.3.6",
      "resolved": "https://registry.npmjs.org/nanoid/-/nanoid-3.3.6.tgz",
      "integrity": "sha512-BGcqMMJuToF7i1rt+2PWSNVnWIkGCU78jBG3RxO/bZlnZPK2Cmi2QaffxGO/2RvWi9sL+FAiRiXMgsyxQ1DIDA==",
      "funding": [
        {
          "type": "github",
          "url": "https://github.com/sponsors/ai"
        }
      ],
      "bin": {
        "nanoid": "bin/nanoid.cjs"
      },
      "engines": {
        "node": "^10 || ^12 || ^13.7 || ^14 || >=15.0.1"
      }
    },
    "node_modules/picocolors": {
      "version": "1.0.0",
      "resolved": "https://registry.npmjs.org/picocolors/-/picocolors-1.0.0.tgz",
      "integrity": "sha512-1fygroTLlHu66zi26VoTDv8yRgm0Fccecssto+MhsZ0D/DGW2sm8E8AjW7NU5VVTRt5GxbeZ5qBuJr+HyLYkjQ=="
    },
    "node_modules/postcss": {
      "version": "8.4.31",
      "resolved": "https://registry.npmjs.org/postcss/-/postcss-8.4.31.tgz",
      "integrity": "sha512-PS08Iboia9mts/2ygV3eLpY5ghnUcfLV/EXTOW1E2qYxJKGGBUtNjN76FYHnMs36RmARn41bC0AZmn+rR0OVpQ==",
      "funding": [
        {
          "type": "opencollective",
          "url": "https://opencollective.com/postcss/"
        },
        {
          "type": "tidelift",
          "url": "https://tidelift.com/funding/github/npm/postcss"
        },
        {
          "type": "github",
          "url": "https://github.com/sponsors/ai"
        }
      ],
      "dependencies": {
        "nanoid": "^3.3.6",
        "picocolors": "^1.0.0",
        "source-map-js": "^1.0.2"
      },
      "engines": {
        "node": "^10 || ^12 || >=14"
      }
    },
    "node_modules/showdown": {
      "version": "2.1.0",
      "resolved": "https://registry.npmjs.org/showdown/-/showdown-2.1.0.tgz",
      "integrity": "sha512-/6NVYu4U819R2pUIk79n67SYgJHWCce0a5xTP979WbNp0FL9MN1I1QK662IDU1b6JzKTvmhgI7T7JYIxBi3kMQ==",
      "dependencies": {
        "commander": "^9.0.0"
      },
      "bin": {
        "showdown": "bin/showdown.js"
      },
      "funding": {
        "type": "individual",
        "url": "https://www.paypal.me/tiviesantos"
      }
    },
    "node_modules/source-map": {
      "version": "0.6.1",
      "resolved": "https://registry.npmjs.org/source-map/-/source-map-0.6.1.tgz",
      "integrity": "sha512-UjgapumWlbMhkBgzT7Ykc5YXUT46F0iKu8SGXq0bcwP5dz/h0Plj6enJqjz1Zbq2l5WaqYnrVbwWOWMyF3F47g==",
      "engines": {
        "node": ">=0.10.0"
      }
    },
    "node_modules/source-map-js": {
      "version": "1.0.2",
      "resolved": "https://registry.npmjs.org/source-map-js/-/source-map-js-1.0.2.tgz",
      "integrity": "sha512-R0XvVJ9WusLiqTCEiGCmICCMplcCkIwwR11mOSD9CR5u+IXYdiseeEuXCVAjS54zqwkLcPNnmU4OeJ6tUrWhDw==",
      "engines": {
        "node": ">=0.10.0"
      }
    },
    "node_modules/vue": {
      "version": "2.7.15",
      "resolved": "https://registry.npmjs.org/vue/-/vue-2.7.15.tgz",
      "integrity": "sha512-a29fsXd2G0KMRqIFTpRgpSbWaNBK3lpCTOLuGLEDnlHWdjB8fwl6zyYZ8xCrqkJdatwZb4mGHiEfJjnw0Q6AwQ==",
      "dependencies": {
        "@vue/compiler-sfc": "2.7.15",
        "csstype": "^3.1.0"
      }
    }
  }
}
